
Microsoft Visual Studio Solution File, Format Version 12.00
# Visual Studio Version 16
VisualStudioVersion = 16.0.30611.23
MinimumVisualStudioVersion = 10.0.40219.1
Project("{FAE04EC0-301F-11D3-BF4B-00C04F79EFBC}") = "WP_2020_01_HW01_9A713008", "WP_2020_01_HW01_9A713008\WP_2020_01_HW01_9A713008.csproj", "{D8E56634-3497-4CCD-9B4F-72D5E4182214}"
EndProject
Global
	GlobalSection(SolutionConfigurationPlatforms) = preSolution
		Debug|Any CPU = Debug|Any CPU
		Release|Any CPU = Release|Any CPU
	EndGlobalSection
	GlobalSection(ProjectConfigurationPlatforms) = postSolution
		{D8E56634-3497-4CCD-9B4F-72D5E4182214}.Debug|Any CPU.ActiveCfg = Debug|Any CPU
		{D8E56634-3497-4CCD-9B4F-72D5E4182214}.Debug|Any CPU.Build.0 = Debug|Any CPU
		{D8E56634-3497-4CCD-9B4F-72D5E4182214}.Release|Any CPU.ActiveCfg = Release|Any CPU
		{D8E56634-3497-4CCD-9B4F-72D5E4182214}.Release|Any CPU.Build.0 = Release|Any CPU
	EndGlobalSection
	GlobalSection(SolutionProperties) = preSolution
		HideSolutionNode = FALSE
	EndGlobalSection
	GlobalSection(ExtensibilityGlobals) = postSolution
		SolutionGuid = {BF5478A5-6133-4AC2-8235-3FF35E6CF62F}
	EndGlobalSection
EndGlobal
